
Microsoft Visual Studio Solution File, Format Version 12.00
# Visual Studio 15
VisualStudioVersion = 15.0.26124.0
MinimumVisualStudioVersion = 15.0.26124.0
Project("{FAE04EC0-301F-11D3-BF4B-00C04F79EFBC}") = "DETRAN.Application", "DETRAN.Application\DETRAN.Application.csproj", "{A3670E82-37A4-422E-9EFB-611908B272DA}"
EndProject
Project("{FAE04EC0-301F-11D3-BF4B-00C04F79EFBC}") = "DETRAN.Domain", "DETRAN.Domain\DETRAN.Domain.csproj", "{BCD66078-4533-4781-9ED2-BB89B2F1B4CB}"
EndProject
Project("{FAE04EC0-301F-11D3-BF4B-00C04F79EFBC}") = "DETRAN.API", "DETRAN.API\DETRAN.API.csproj", "{C078B4D2-8988-4892-9202-9F15305B81CE}"
EndProject
Project("{FAE04EC0-301F-11D3-BF4B-00C04F79EFBC}") = "DETRAN.Persistence", "DETRAN.Persistence\DETRAN.Persistence.csproj", "{96C8A5D7-69BC-4FCB-8F6A-0E7628CDD538}"
EndProject
Global
	GlobalSection(SolutionConfigurationPlatforms) = preSolution
		Debug|Any CPU = Debug|Any CPU
		Debug|x64 = Debug|x64
		Debug|x86 = Debug|x86
		Release|Any CPU = Release|Any CPU
		Release|x64 = Release|x64
		Release|x86 = Release|x86
	EndGlobalSection
	GlobalSection(SolutionProperties) = preSolution
		HideSolutionNode = FALSE
	EndGlobalSection
	GlobalSection(ProjectConfigurationPlatforms) = postSolution
		{A3670E82-37A4-422E-9EFB-611908B272DA}.Debug|Any CPU.ActiveCfg = Debug|Any CPU
		{A3670E82-37A4-422E-9EFB-611908B272DA}.Debug|Any CPU.Build.0 = Debug|Any CPU
		{A3670E82-37A4-422E-9EFB-611908B272DA}.Debug|x64.ActiveCfg = Debug|Any CPU
		{A3670E82-37A4-422E-9EFB-611908B272DA}.Debug|x64.Build.0 = Debug|Any CPU
		{A3670E82-37A4-422E-9EFB-611908B272DA}.Debug|x86.ActiveCfg = Debug|Any CPU
		{A3670E82-37A4-422E-9EFB-611908B272DA}.Debug|x86.Build.0 = Debug|Any CPU
		{A3670E82-37A4-422E-9EFB-611908B272DA}.Release|Any CPU.ActiveCfg = Release|Any CPU
		{A3670E82-37A4-422E-9EFB-611908B272DA}.Release|Any CPU.Build.0 = Release|Any CPU
		{A3670E82-37A4-422E-9EFB-611908B272DA}.Release|x64.ActiveCfg = Release|Any CPU
		{A3670E82-37A4-422E-9EFB-611908B272DA}.Release|x64.Build.0 = Release|Any CPU
		{A3670E82-37A4-422E-9EFB-611908B272DA}.Release|x86.ActiveCfg = Release|Any CPU
		{A3670E82-37A4-422E-9EFB-611908B272DA}.Release|x86.Build.0 = Release|Any CPU
		{BCD66078-4533-4781-9ED2-BB89B2F1B4CB}.Debug|Any CPU.ActiveCfg = Debug|Any CPU
		{BCD66078-4533-4781-9ED2-BB89B2F1B4CB}.Debug|Any CPU.Build.0 = Debug|Any CPU
		{BCD66078-4533-4781-9ED2-BB89B2F1B4CB}.Debug|x64.ActiveCfg = Debug|Any CPU
		{BCD66078-4533-4781-9ED2-BB89B2F1B4CB}.Debug|x64.Build.0 = Debug|Any CPU
		{BCD66078-4533-4781-9ED2-BB89B2F1B4CB}.Debug|x86.ActiveCfg = Debug|Any CPU
		{BCD66078-4533-4781-9ED2-BB89B2F1B4CB}.Debug|x86.Build.0 = Debug|Any CPU
		{BCD66078-4533-4781-9ED2-BB89B2F1B4CB}.Release|Any CPU.ActiveCfg = Release|Any CPU
		{BCD66078-4533-4781-9ED2-BB89B2F1B4CB}.Release|Any CPU.Build.0 = Release|Any CPU
		{BCD66078-4533-4781-9ED2-BB89B2F1B4CB}.Release|x64.ActiveCfg = Release|Any CPU
		{BCD66078-4533-4781-9ED2-BB89B2F1B4CB}.Release|x64.Build.0 = Release|Any CPU
		{BCD66078-4533-4781-9ED2-BB89B2F1B4CB}.Release|x86.ActiveCfg = Release|Any CPU
		{BCD66078-4533-4781-9ED2-BB89B2F1B4CB}.Release|x86.Build.0 = Release|Any CPU
		{C078B4D2-8988-4892-9202-9F15305B81CE}.Debug|Any CPU.ActiveCfg = Debug|Any CPU
		{C078B4D2-8988-4892-9202-9F15305B81CE}.Debug|Any CPU.Build.0 = Debug|Any CPU
		{C078B4D2-8988-4892-9202-9F15305B81CE}.Debug|x64.ActiveCfg = Debug|Any CPU
		{C078B4D2-8988-4892-9202-9F15305B81CE}.Debug|x64.Build.0 = Debug|Any CPU
		{C078B4D2-8988-4892-9202-9F15305B81CE}.Debug|x86.ActiveCfg = Debug|Any CPU
		{C078B4D2-8988-4892-9202-9F15305B81CE}.Debug|x86.Build.0 = Debug|Any CPU
		{C078B4D2-8988-4892-9202-9F15305B81CE}.Release|Any CPU.ActiveCfg = Release|Any CPU
		{C078B4D2-8988-4892-9202-9F15305B81CE}.Release|Any CPU.Build.0 = Release|Any CPU
		{C078B4D2-8988-4892-9202-9F15305B81CE}.Release|x64.ActiveCfg = Release|Any CPU
		{C078B4D2-8988-4892-9202-9F15305B81CE}.Release|x64.Build.0 = Release|Any CPU
		{C078B4D2-8988-4892-9202-9F15305B81CE}.Release|x86.ActiveCfg = Release|Any CPU
		{C078B4D2-8988-4892-9202-9F15305B81CE}.Release|x86.Build.0 = Release|Any CPU
		{96C8A5D7-69BC-4FCB-8F6A-0E7628CDD538}.Debug|Any CPU.ActiveCfg = Debug|Any CPU
		{96C8A5D7-69BC-4FCB-8F6A-0E7628CDD538}.Debug|Any CPU.Build.0 = Debug|Any CPU
		{96C8A5D7-69BC-4FCB-8F6A-0E7628CDD538}.Debug|x64.ActiveCfg = Debug|Any CPU
		{96C8A5D7-69BC-4FCB-8F6A-0E7628CDD538}.Debug|x64.Build.0 = Debug|Any CPU
		{96C8A5D7-69BC-4FCB-8F6A-0E7628CDD538}.Debug|x86.ActiveCfg = Debug|Any CPU
		{96C8A5D7-69BC-4FCB-8F6A-0E7628CDD538}.Debug|x86.Build.0 = Debug|Any CPU
		{96C8A5D7-69BC-4FCB-8F6A-0E7628CDD538}.Release|Any CPU.ActiveCfg = Release|Any CPU
		{96C8A5D7-69BC-4FCB-8F6A-0E7628CDD538}.Release|Any CPU.Build.0 = Release|Any CPU
		{96C8A5D7-69BC-4FCB-8F6A-0E7628CDD538}.Release|x64.ActiveCfg = Release|Any CPU
		{96C8A5D7-69BC-4FCB-8F6A-0E7628CDD538}.Release|x64.Build.0 = Release|Any CPU
		{96C8A5D7-69BC-4FCB-8F6A-0E7628CDD538}.Release|x86.ActiveCfg = Release|Any CPU
		{96C8A5D7-69BC-4FCB-8F6A-0E7628CDD538}.Release|x86.Build.0 = Release|Any CPU
	EndGlobalSection
EndGlobal
